// !$*UTF8*$!
{
	archiveVersion = 1;
	classes = {
	};
	objectVersion = 50;
	objects = {

/* Begin PBXBuildFile section */
		02B75D992661BC74009084EA /* Tip_CalculatorApp.swift in Sources */ = {isa = PBXBuildFile; fileRef = 02B75D982661BC74009084EA /* Tip_CalculatorApp.swift */; };
		02B75D9B2661BC74009084EA /* ContentView.swift in Sources */ = {isa = PBXBuildFile; fileRef = 02B75D9A2661BC74009084EA /* ContentView.swift */; };
		02B75D9D2661BC75009084EA /* Assets.xcassets in Resources */ = {isa = PBXBuildFile; fileRef = 02B75D9C2661BC75009084EA /* Assets.xcassets */; };
		02B75DA02661BC75009084EA /* Preview Assets.xcassets in Resources */ = {isa = PBXBuildFile; fileRef = 02B75D9F2661BC75009084EA /* Preview Assets.xcassets */; };
		02B75DAB2661BC75009084EA /* Tip_CalculatorTests.swift in Sources */ = {isa = PBXBuildFile; fileRef = 02B75DAA2661BC75009084EA /* Tip_CalculatorTests.swift */; };
		02B75DB62661BC75009084EA /* Tip_CalculatorUITests.swift in Sources */ = {isa = PBXBuildFile; fileRef = 02B75DB52661BC75009084EA /* Tip_CalculatorUITests.swift */; };
		02DFF3B02662F636003BA250 /* Calculator.swift in Sources */ = {isa = PBXBuildFile; fileRef = 02DFF3AF2662F636003BA250 /* Calculator.swift */; };
		02DFF3B22662FA54003BA250 /* TipSlider.swift in Sources */ = {isa = PBXBuildFile; fileRef = 02DFF3B12662FA54003BA250 /* TipSlider.swift */; };
		02DFF3B62662FE40003BA250 /* Rounding.swift in Sources */ = {isa = PBXBuildFile; fileRef = 02DFF3B52662FE40003BA250 /* Rounding.swift */; };
		02DFF3B82663007F003BA250 /* CalculatorView.swift in Sources */ = {isa = PBXBuildFile; fileRef = 02DFF3B72663007F003BA250 /* CalculatorView.swift */; };
/* End PBXBuildFile section */

/* Begin PBXContainerItemProxy section */
		02B75DA72661BC75009084EA /* PBXContainerItemProxy */ = {
			isa = PBXContainerItemProxy;
			containerPortal = 02B75D8D2661BC74009084EA /* Project object */;
			proxyType = 1;
			remoteGlobalIDString = 02B75D942661BC74009084EA;
			remoteInfo = "Tip Calculator";
		};
		02B75DB22661BC75009084EA /* PBXContainerItemProxy */ = {
			isa = PBXContainerItemProxy;
			containerPortal = 02B75D8D2661BC74009084EA /* Project object */;
			proxyType = 1;
			remoteGlobalIDString = 02B75D942661BC74009084EA;
			remoteInfo = "Tip Calculator";
		};
/* End PBXContainerItemProxy section */

/* Begin PBXFileReference section */
		02B75D952661BC74009084EA /* Tip Calculator.app */ = {isa = PBXFileReference; explicitFileType = wrapper.application; includeInIndex = 0; path = "Tip Calculator.app"; sourceTree = BUILT_PRODUCTS_DIR; };
		02B75D982661BC74009084EA /* Tip_CalculatorApp.swift */ = {isa = PBXFileReference; lastKnownFileType = sourcecode.swift; path = Tip_CalculatorApp.swift; sourceTree = "<group>"; };
		02B75D9A2661BC74009084EA /* ContentView.swift */ = {isa = PBXFileReference; lastKnownFileType = sourcecode.swift; path = ContentView.swift; sourceTree = "<group>"; };
		02B75D9C2661BC75009084EA /* Assets.xcassets */ = {isa = PBXFileReference; lastKnownFileType = folder.assetcatalog; path = Assets.xcassets; sourceTree = "<group>"; };
		02B75D9F2661BC75009084EA /* Preview Assets.xcassets */ = {isa = PBXFileReference; lastKnownFileType = folder.assetcatalog; path = "Preview Assets.xcassets"; sourceTree = "<group>"; };
		02B75DA12661BC75009084EA /* Info.plist */ = {isa = PBXFileReference; lastKnownFileType = text.plist.xml; path = Info.plist; sourceTree = "<group>"; };
		02B75DA62661BC75009084EA /* Tip CalculatorTests.xctest */ = {isa = PBXFileReference; explicitFileType = wrapper.cfbundle; includeInIndex = 0; path = "Tip CalculatorTests.xctest"; sourceTree = BUILT_PRODUCTS_DIR; };
		02B75DAA2661BC75009084EA /* Tip_CalculatorTests.swift */ = {isa = PBXFileReference; lastKnownFileType = sourcecode.swift; path = Tip_CalculatorTests.swift; sourceTree = "<group>"; };
		02B75DAC2661BC75009084EA /* Info.plist */ = {isa = PBXFileReference; lastKnownFileType = text.plist.xml; path = Info.plist; sourceTree = "<group>"; };
		02B75DB12661BC75009084EA /* Tip CalculatorUITests.xctest */ = {isa = PBXFileReference; explicitFileType = wrapper.cfbundle; includeInIndex = 0; path = "Tip CalculatorUITests.xctest"; sourceTree = BUILT_PRODUCTS_DIR; };
		02B75DB52661BC75009084EA /* Tip_CalculatorUITests.swift */ = {isa = PBXFileReference; lastKnownFileType = sourcecode.swift; path = Tip_CalculatorUITests.swift; sourceTree = "<group>"; };
		02B75DB72661BC75009084EA /* Info.plist */ = {isa = PBXFileReference; lastKnownFileType = text.plist.xml; path = Info.plist; sourceTree = "<group>"; };
		02DFF3AF2662F636003BA250 /* Calculator.swift */ = {isa = PBXFileReference; lastKnownFileType = sourcecode.swift; path = Calculator.swift; sourceTree = "<group>"; };
		02DFF3B12662FA54003BA250 /* TipSlider.swift */ = {isa = PBXFileReference; lastKnownFileType = sourcecode.swift; path = TipSlider.swift; sourceTree = "<group>"; };
		02DFF3B52662FE40003BA250 /* Rounding.swift */ = {isa = PBXFileReference; lastKnownFileType = sourcecode.swift; path = Rounding.swift; sourceTree = "<group>"; };
		02DFF3B72663007F003BA250 /* CalculatorView.swift */ = {isa = PBXFileReference; lastKnownFileType = sourcecode.swift; path = CalculatorView.swift; sourceTree = "<group>"; };
/* End PBXFileReference section */

/* Begin PBXFrameworksBuildPhase section */
		02B75D922661BC74009084EA /* Frameworks */ = {
			isa = PBXFrameworksBuildPhase;
			buildActionMask = 2147483647;
			files = (
			);
			runOnlyForDeploymentPostprocessing = 0;
		};
		02B75DA32661BC75009084EA /* Frameworks */ = {
			isa = PBXFrameworksBuildPhase;
			buildActionMask = 2147483647;
			files = (
			);
			runOnlyForDeploymentPostprocessing = 0;
		};
		02B75DAE2661BC75009084EA /* Frameworks */ = {
			isa = PBXFrameworksBuildPhase;
			buildActionMask = 2147483647;
			files = (
			);
			runOnlyForDeploymentPostprocessing = 0;
		};
/* End PBXFrameworksBuildPhase section */

/* Begin PBXGroup section */
		02B75D8C2661BC74009084EA = {
			isa = PBXGroup;
			children = (
				02B75D972661BC74009084EA /* Tip Calculator */,
				02B75DA92661BC75009084EA /* Tip CalculatorTests */,
				02B75DB42661BC75009084EA /* Tip CalculatorUITests */,
				02B75D962661BC74009084EA /* Products */,
			);
			sourceTree = "<group>";
		};
		02B75D962661BC74009084EA /* Products */ = {
			isa = PBXGroup;
			children = (
				02B75D952661BC74009084EA /* Tip Calculator.app */,
				02B75DA62661BC75009084EA /* Tip CalculatorTests.xctest */,
				02B75DB12661BC75009084EA /* Tip CalculatorUITests.xctest */,
			);
			name = Products;
			sourceTree = "<group>";
		};
		02B75D972661BC74009084EA /* Tip Calculator */ = {
			isa = PBXGroup;
			children = (
				02B75D982661BC74009084EA /* Tip_CalculatorApp.swift */,
				02B75D9A2661BC74009084EA /* ContentView.swift */,
				02DFF3B72663007F003BA250 /* CalculatorView.swift */,
				02DFF3AF2662F636003BA250 /* Calculator.swift */,
				02DFF3B12662FA54003BA250 /* TipSlider.swift */,
				02DFF3B52662FE40003BA250 /* Rounding.swift */,
				02B75D9C2661BC75009084EA /* Assets.xcassets */,
				02B75DA12661BC75009084EA /* Info.plist */,
				02B75D9E2661BC75009084EA /* Preview Content */,
			);
			path = "Tip Calculator";
			sourceTree = "<group>";
		};
		02B75D9E2661BC75009084EA /* Preview Content */ = {
			isa = PBXGroup;
			children = (
				02B75D9F2661BC75009084EA /* Preview Assets.xcassets */,
			);
			path = "Preview Content";
			sourceTree = "<group>";
		};
		02B75DA92661BC75009084EA /* Tip CalculatorTests */ = {
			isa = PBXGroup;
			children = (
				02B75DAA2661BC75009084EA /* Tip_CalculatorTests.swift */,
				02B75DAC2661BC75009084EA /* Info.plist */,
			);
			path = "Tip CalculatorTests";
			sourceTree = "<group>";
		};
		02B75DB42661BC75009084EA /* Tip CalculatorUITests */ = {
			isa = PBXGroup;
			children = (
				02B75DB52661BC75009084EA /* Tip_CalculatorUITests.swift */,
				02B75DB72661BC75009084EA /* Info.plist */,
			);
			path = "Tip CalculatorUITests";
			sourceTree = "<group>";
		};
/* End PBXGroup section */

/* Begin PBXNativeTarget section */
		02B75D942661BC74009084EA /* Tip Calculator */ = {
			isa = PBXNativeTarget;
			buildConfigurationList = 02B75DBA2661BC75009084EA /* Build configuration list for PBXNativeTarget "Tip Calculator" */;
			buildPhases = (
				02B75D912661BC74009084EA /* Sources */,
				02B75D922661BC74009084EA /* Frameworks */,
				02B75D932661BC74009084EA /* Resources */,
			);
			buildRules = (
			);
			dependencies = (
			);
			name = "Tip Calculator";
			productName = "Tip Calculator";
			productReference = 02B75D952661BC74009084EA /* Tip Calculator.app */;
			productType = "com.apple.product-type.application";
		};
		02B75DA52661BC75009084EA /* Tip CalculatorTests */ = {
			isa = PBXNativeTarget;
			buildConfigurationList = 02B75DBD2661BC75009084EA /* Build configuration list for PBXNativeTarget "Tip CalculatorTests" */;
			buildPhases = (
				02B75DA22661BC75009084EA /* Sources */,
				02B75DA32661BC75009084EA /* Frameworks */,
				02B75DA42661BC75009084EA /* Resources */,
			);
			buildRules = (
			);
			dependencies = (
				02B75DA82661BC75009084EA /* PBXTargetDependency */,
			);
			name = "Tip CalculatorTests";
			productName = "Tip CalculatorTests";
			productReference = 02B75DA62661BC75009084EA /* Tip CalculatorTests.xctest */;
			productType = "com.apple.product-type.bundle.unit-test";
		};
		02B75DB02661BC75009084EA /* Tip CalculatorUITests */ = {
			isa = PBXNativeTarget;
			buildConfigurationList = 02B75DC02661BC75009084EA /* Build configuration list for PBXNativeTarget "Tip CalculatorUITests" */;
			buildPhases = (
				02B75DAD2661BC75009084EA /* Sources */,
				02B75DAE2661BC75009084EA /* Frameworks */,
				02B75DAF2661BC75009084EA /* Resources */,
			);
			buildRules = (
			);
			dependencies = (
				02B75DB32661BC75009084EA /* PBXTargetDependency */,
			);
			name = "Tip CalculatorUITests";
			productName = "Tip CalculatorUITests";
			productReference = 02B75DB12661BC75009084EA /* Tip CalculatorUITests.xctest */;
			productType = "com.apple.product-type.bundle.ui-testing";
		};
/* End PBXNativeTarget section */

/* Begin PBXProject section */
		02B75D8D2661BC74009084EA /* Project object */ = {
			isa = PBXProject;
			attributes = {
				LastSwiftUpdateCheck = 1250;
				LastUpgradeCheck = 1250;
				TargetAttributes = {
					02B75D942661BC74009084EA = {
						CreatedOnToolsVersion = 12.5;
					};
					02B75DA52661BC75009084EA = {
						CreatedOnToolsVersion = 12.5;
						TestTargetID = 02B75D942661BC74009084EA;
					};
					02B75DB02661BC75009084EA = {
						CreatedOnToolsVersion = 12.5;
						TestTargetID = 02B75D942661BC74009084EA;
					};
				};
			};
			buildConfigurationList = 02B75D902661BC74009084EA /* Build configuration list for PBXProject "Tip Calculator" */;
			compatibilityVersion = "Xcode 9.3";
			developmentRegion = en;
			hasScannedForEncodings = 0;
			knownRegions = (
				en,
				Base,
			);
			mainGroup = 02B75D8C2661BC74009084EA;
			productRefGroup = 02B75D962661BC74009084EA /* Products */;
			projectDirPath = "";
			projectRoot = "";
			targets = (
				02B75D942661BC74009084EA /* Tip Calculator */,
				02B75DA52661BC75009084EA /* Tip CalculatorTests */,
				02B75DB02661BC75009084EA /* Tip CalculatorUITests */,
			);
		};
/* End PBXProject section */

/* Begin PBXResourcesBuildPhase section */
		02B75D932661BC74009084EA /* Resources */ = {
			isa = PBXResourcesBuildPhase;
			buildActionMask = 2147483647;
			files = (
				02B75DA02661BC75009084EA /* Preview Assets.xcassets in Resources */,
				02B75D9D2661BC75009084EA /* Assets.xcassets in Resources */,
			);
			runOnlyForDeploymentPostprocessing = 0;
		};
		02B75DA42661BC75009084EA /* Resources */ = {
			isa = PBXResourcesBuildPhase;
			buildActionMask = 2147483647;
			files = (
			);
			runOnlyForDeploymentPostprocessing = 0;
		};
		02B75DAF2661BC75009084EA /* Resources */ = {
			isa = PBXResourcesBuildPhase;
			buildActionMask = 2147483647;
			files = (
			);
			runOnlyForDeploymentPostprocessing = 0;
		};
/* End PBXResourcesBuildPhase section */

/* Begin PBXSourcesBuildPhase section */
		02B75D912661BC74009084EA /* Sources */ = {
			isa = PBXSourcesBuildPhase;
			buildActionMask = 2147483647;
			files = (
				02B75D9B2661BC74009084EA /* ContentView.swift in Sources */,
				02DFF3B62662FE40003BA250 /* Rounding.swift in Sources */,
				02B75D992661BC74009084EA /* Tip_CalculatorApp.swift in Sources */,
				02DFF3B22662FA54003BA250 /* TipSlider.swift in Sources */,
				02DFF3B82663007F003BA250 /* CalculatorView.swift in Sources */,
				02DFF3B02662F636003BA250 /* Calculator.swift in Sources */,
			);
			runOnlyForDeploymentPostprocessing = 0;
		};
		02B75DA22661BC75009084EA /* Sources */ = {
			isa = PBXSourcesBuildPhase;
			buildActionMask = 2147483647;
			files = (
				02B75DAB2661BC75009084EA /* Tip_CalculatorTests.swift in Sources */,
			);
			runOnlyForDeploymentPostprocessing = 0;
		};
		02B75DAD2661BC75009084EA /* Sources */ = {
			isa = PBXSourcesBuildPhase;
			buildActionMask = 2147483647;
			files = (
				02B75DB62661BC75009084EA /* Tip_CalculatorUITests.swift in Sources */,
			);
			runOnlyForDeploymentPostprocessing = 0;
		};
/* End PBXSourcesBuildPhase section */

/* Begin PBXTargetDependency section */
		02B75DA82661BC75009084EA /* PBXTargetDependency */ = {
			isa = PBXTargetDependency;
			target = 02B75D942661BC74009084EA /* Tip Calculator */;
			targetProxy = 02B75DA72661BC75009084EA /* PBXContainerItemProxy */;
		};
		02B75DB32661BC75009084EA /* PBXTargetDependency */ = {
			isa = PBXTargetDependency;
			target = 02B75D942661BC74009084EA /* Tip Calculator */;
			targetProxy = 02B75DB22661BC75009084EA /* PBXContainerItemProxy */;
		};
/* End PBXTargetDependency section */

/* Begin XCBuildConfiguration section */
		02B75DB82661BC75009084EA /* Debug */ = {
			isa = XCBuildConfiguration;
			buildSettings = {
				ALWAYS_SEARCH_USER_PATHS = NO;
				CLANG_ANALYZER_NONNULL = YES;
				CLANG_ANALYZER_NUMBER_OBJECT_CONVERSION = YES_AGGRESSIVE;
				CLANG_CXX_LANGUAGE_STANDARD = "gnu++14";
				CLANG_CXX_LIBRARY = "libc++";
				CLANG_ENABLE_MODULES = YES;
				CLANG_ENABLE_OBJC_ARC = YES;
				CLANG_ENABLE_OBJC_WEAK = YES;
				CLANG_WARN_BLOCK_CAPTURE_AUTORELEASING = YES;
				CLANG_WARN_BOOL_CONVERSION = YES;
				CLANG_WARN_COMMA = YES;
				CLANG_WARN_CONSTANT_CONVERSION = YES;
				CLANG_WARN_DEPRECATED_OBJC_IMPLEMENTATIONS = YES;
				CLANG_WARN_DIRECT_OBJC_ISA_USAGE = YES_ERROR;
				CLANG_WARN_DOCUMENTATION_COMMENTS = YES;
				CLANG_WARN_EMPTY_BODY = YES;
				CLANG_WARN_ENUM_CONVERSION = YES;
				CLANG_WARN_INFINITE_RECURSION = YES;
				CLANG_WARN_INT_CONVERSION = YES;
				CLANG_WARN_NON_LITERAL_NULL_CONVERSION = YES;
				CLANG_WARN_OBJC_IMPLICIT_RETAIN_SELF = YES;
				CLANG_WARN_OBJC_LITERAL_CONVERSION = YES;
				CLANG_WARN_OBJC_ROOT_CLASS = YES_ERROR;
				CLANG_WARN_QUOTED_INCLUDE_IN_FRAMEWORK_HEADER = YES;
				CLANG_WARN_RANGE_LOOP_ANALYSIS = YES;
				CLANG_WARN_STRICT_PROTOTYPES = YES;
				CLANG_WARN_SUSPICIOUS_MOVE = YES;
				CLANG_WARN_UNGUARDED_AVAILABILITY = YES_AGGRESSIVE;
				CLANG_WARN_UNREACHABLE_CODE = YES;
				CLANG_WARN__DUPLICATE_METHOD_MATCH = YES;
				COPY_PHASE_STRIP = NO;
				DEBUG_INFORMATION_FORMAT = dwarf;
				ENABLE_STRICT_OBJC_MSGSEND = YES;
				ENABLE_TESTABILITY = YES;
				GCC_C_LANGUAGE_STANDARD = gnu11;
				GCC_DYNAMIC_NO_PIC = NO;
				GCC_NO_COMMON_BLOCKS = YES;
				GCC_OPTIMIZATION_LEVEL = 0;
				GCC_PREPROCESSOR_DEFINITIONS = (
					"DEBUG=1",
					"$(inherited)",
				);
				GCC_WARN_64_TO_32_BIT_CONVERSION = YES;
				GCC_WARN_ABOUT_RETURN_TYPE = YES_ERROR;
				GCC_WARN_UNDECLARED_SELECTOR = YES;
				GCC_WARN_UNINITIALIZED_AUTOS = YES_AGGRESSIVE;
				GCC_WARN_UNUSED_FUNCTION = YES;
				GCC_WARN_UNUSED_VARIABLE = YES;
				IPHONEOS_DEPLOYMENT_TARGET = 14.5;
				MTL_ENABLE_DEBUG_INFO = INCLUDE_SOURCE;
				MTL_FAST_MATH = YES;
				ONLY_ACTIVE_ARCH = YES;
				SDKROOT = iphoneos;
				SWIFT_ACTIVE_COMPILATION_CONDITIONS = DEBUG;
				SWIFT_OPTIMIZATION_LEVEL = "-Onone";
			};
			name = Debug;
		};
		02B75DB92661BC75009084EA /* Release */ = {
			isa = XCBuildConfiguration;
			buildSettings = {
				ALWAYS_SEARCH_USER_PATHS = NO;
				CLANG_ANALYZER_NONNULL = YES;
				CLANG_ANALYZER_NUMBER_OBJECT_CONVERSION = YES_AGGRESSIVE;
				CLANG_CXX_LANGUAGE_STANDARD = "gnu++14";
				CLANG_CXX_LIBRARY = "libc++";
				CLANG_ENABLE_MODULES = YES;
				CLANG_ENABLE_OBJC_ARC = YES;
				CLANG_ENABLE_OBJC_WEAK = YES;
				CLANG_WARN_BLOCK_CAPTURE_AUTORELEASING = YES;
				CLANG_WARN_BOOL_CONVERSION = YES;
				CLANG_WARN_COMMA = YES;
				CLANG_WARN_CONSTANT_CONVERSION = YES;
				CLANG_WARN_DEPRECATED_OBJC_IMPLEMENTATIONS = YES;
				CLANG_WARN_DIRECT_OBJC_ISA_USAGE = YES_ERROR;
				CLANG_WARN_DOCUMENTATION_COMMENTS = YES;
				CLANG_WARN_EMPTY_BODY = YES;
				CLANG_WARN_ENUM_CONVERSION = YES;
				CLANG_WARN_INFINITE_RECURSION = YES;
				CLANG_WARN_INT_CONVERSION = YES;
				CLANG_WARN_NON_LITERAL_NULL_CONVERSION = YES;
				CLANG_WARN_OBJC_IMPLICIT_RETAIN_SELF = YES;
				CLANG_WARN_OBJC_LITERAL_CONVERSION = YES;
				CLANG_WARN_OBJC_ROOT_CLASS = YES_ERROR;
				CLANG_WARN_QUOTED_INCLUDE_IN_FRAMEWORK_HEADER = YES;
				CLANG_WARN_RANGE_LOOP_ANALYSIS = YES;
				CLANG_WARN_STRICT_PROTOTYPES = YES;
				CLANG_WARN_SUSPICIOUS_MOVE = YES;
				CLANG_WARN_UNGUARDED_AVAILABILITY = YES_AGGRESSIVE;
				CLANG_WARN_UNREACHABLE_CODE = YES;
				CLANG_WARN__DUPLICATE_METHOD_MATCH = YES;
				COPY_PHASE_STRIP = NO;
				DEBUG_INFORMATION_FORMAT = "dwarf-with-dsym";
				ENABLE_NS_ASSERTIONS = NO;
				ENABLE_STRICT_OBJC_MSGSEND = YES;
				GCC_C_LANGUAGE_STANDARD = gnu11;
				GCC_NO_COMMON_BLOCKS = YES;
				GCC_WARN_64_TO_32_BIT_CONVERSION = YES;
				GCC_WARN_ABOUT_RETURN_TYPE = YES_ERROR;
				GCC_WARN_UNDECLARED_SELECTOR = YES;
				GCC_WARN_UNINITIALIZED_AUTOS = YES_AGGRESSIVE;
				GCC_WARN_UNUSED_FUNCTION = YES;
				GCC_WARN_UNUSED_VARIABLE = YES;
				IPHONEOS_DEPLOYMENT_TARGET = 14.5;
				MTL_ENABLE_DEBUG_INFO = NO;
				MTL_FAST_MATH = YES;
				SDKROOT = iphoneos;
				SWIFT_COMPILATION_MODE = wholemodule;
				SWIFT_OPTIMIZATION_LEVEL = "-O";
				VALIDATE_PRODUCT = YES;
			};
			name = Release;
		};
		02B75DBB2661BC75009084EA /* Debug */ = {
			isa = XCBuildConfiguration;
			buildSettings = {
				ASSETCATALOG_COMPILER_APPICON_NAME = AppIcon;
				ASSETCATALOG_COMPILER_GLOBAL_ACCENT_COLOR_NAME = AccentColor;
				CODE_SIGN_STYLE = Automatic;
				DEVELOPMENT_ASSET_PATHS = "\"Tip Calculator/Preview Content\"";
				DEVELOPMENT_TEAM = 2993VF6684;
				ENABLE_PREVIEWS = YES;
				INFOPLIST_FILE = "Tip Calculator/Info.plist";
				IPHONEOS_DEPLOYMENT_TARGET = 14.0;
				LD_RUNPATH_SEARCH_PATHS = (
					"$(inherited)",
					"@executable_path/Frameworks",
				);
				PRODUCT_BUNDLE_IDENTIFIER = "com.example.test.Tip-Calculator";
				PRODUCT_NAME = "$(TARGET_NAME)";
				SWIFT_VERSION = 5.0;
				TARGETED_DEVICE_FAMILY = "1,2";
			};
			name = Debug;
		};
		02B75DBC2661BC75009084EA /* Release */ = {
			isa = XCBuildConfiguration;
			buildSettings = {
				ASSETCATALOG_COMPILER_APPICON_NAME = AppIcon;
				ASSETCATALOG_COMPILER_GLOBAL_ACCENT_COLOR_NAME = AccentColor;
				CODE_SIGN_STYLE = Automatic;
				DEVELOPMENT_ASSET_PATHS = "\"Tip Calculator/Preview Content\"";
				DEVELOPMENT_TEAM = 2993VF6684;
				ENABLE_PREVIEWS = YES;
				INFOPLIST_FILE = "Tip Calculator/Info.plist";
				IPHONEOS_DEPLOYMENT_TARGET = 14.0;
				LD_RUNPATH_SEARCH_PATHS = (
					"$(inherited)",
					"@executable_path/Frameworks",
				);
				PRODUCT_BUNDLE_IDENTIFIER = "com.example.test.Tip-Calculator";
				PRODUCT_NAME = "$(TARGET_NAME)";
				SWIFT_VERSION = 5.0;
				TARGETED_DEVICE_FAMILY = "1,2";
			};
			name = Release;
		};
		02B75DBE2661BC75009084EA /* Debug */ = {
			isa = XCBuildConfiguration;
			buildSettings = {
				ALWAYS_EMBED_SWIFT_STANDARD_LIBRARIES = YES;
				BUNDLE_LOADER = "$(TEST_HOST)";
				CODE_SIGN_STYLE = Automatic;
				DEVELOPMENT_TEAM = 2993VF6684;
				INFOPLIST_FILE = "Tip CalculatorTests/Info.plist";
				IPHONEOS_DEPLOYMENT_TARGET = 14.0;
				LD_RUNPATH_SEARCH_PATHS = (
					"$(inherited)",
					"@executable_path/Frameworks",
					"@loader_path/Frameworks",
				);
				PRODUCT_BUNDLE_IDENTIFIER = "com.example.test.Tip-CalculatorTests";
				PRODUCT_NAME = "$(TARGET_NAME)";
				SWIFT_VERSION = 5.0;
				TARGETED_DEVICE_FAMILY = "1,2";
				TEST_HOST = "$(BUILT_PRODUCTS_DIR)/Tip Calculator.app/Tip Calculator";
			};
			name = Debug;
		};
		02B75DBF2661BC75009084EA /* Release */ = {
			isa = XCBuildConfiguration;
			buildSettings = {
				ALWAYS_EMBED_SWIFT_STANDARD_LIBRARIES = YES;
				BUNDLE_LOADER = "$(TEST_HOST)";
				CODE_SIGN_STYLE = Automatic;
				DEVELOPMENT_TEAM = 2993VF6684;
				INFOPLIST_FILE = "Tip CalculatorTests/Info.plist";
				IPHONEOS_DEPLOYMENT_TARGET = 14.0;
				LD_RUNPATH_SEARCH_PATHS = (
					"$(inherited)",
					"@executable_path/Frameworks",
					"@loader_path/Frameworks",
				);
				PRODUCT_BUNDLE_IDENTIFIER = "com.example.test.Tip-CalculatorTests";
				PRODUCT_NAME = "$(TARGET_NAME)";
				SWIFT_VERSION = 5.0;
				TARGETED_DEVICE_FAMILY = "1,2";
				TEST_HOST = "$(BUILT_PRODUCTS_DIR)/Tip Calculator.app/Tip Calculator";
			};
			name = Release;
		};
		02B75DC12661BC75009084EA /* Debug */ = {
			isa = XCBuildConfiguration;
			buildSettings = {
				ALWAYS_EMBED_SWIFT_STANDARD_LIBRARIES = YES;
				CODE_SIGN_STYLE = Automatic;
				DEVELOPMENT_TEAM = 2993VF6684;
				INFOPLIST_FILE = "Tip CalculatorUITests/Info.plist";
				LD_RUNPATH_SEARCH_PATHS = (
					"$(inherited)",
					"@executable_path/Frameworks",
					"@loader_path/Frameworks",
				);
				PRODUCT_BUNDLE_IDENTIFIER = "com.example.test.Tip-CalculatorUITests";
				PRODUCT_NAME = "$(TARGET_NAME)";
				SWIFT_VERSION = 5.0;
				TARGETED_DEVICE_FAMILY = "1,2";
				TEST_TARGET_NAME = "Tip Calculator";
			};
			name = Debug;
		};
		02B75DC22661BC75009084EA /* Release */ = {
			isa = XCBuildConfiguration;
			buildSettings = {
				ALWAYS_EMBED_SWIFT_STANDARD_LIBRARIES = YES;
				CODE_SIGN_STYLE = Automatic;
				DEVELOPMENT_TEAM = 2993VF6684;
				INFOPLIST_FILE = "Tip CalculatorUITests/Info.plist";
				LD_RUNPATH_SEARCH_PATHS = (
					"$(inherited)",
					"@executable_path/Frameworks",
					"@loader_path/Frameworks",
				);
				PRODUCT_BUNDLE_IDENTIFIER = "com.example.test.Tip-CalculatorUITests";
				PRODUCT_NAME = "$(TARGET_NAME)";
				SWIFT_VERSION = 5.0;
				TARGETED_DEVICE_FAMILY = "1,2";
				TEST_TARGET_NAME = "Tip Calculator";
			};
			name = Release;
		};
/* End XCBuildConfiguration section */

/* Begin XCConfigurationList section */
		02B75D902661BC74009084EA /* Build configuration list for PBXProject "Tip Calculator" */ = {
			isa = XCConfigurationList;
			buildConfigurations = (
				02B75DB82661BC75009084EA /* Debug */,
				02B75DB92661BC75009084EA /* Release */,
			);
			defaultConfigurationIsVisible = 0;
			defaultConfigurationName = Release;
		};
		02B75DBA2661BC75009084EA /* Build configuration list for PBXNativeTarget "Tip Calculator" */ = {
			isa = XCConfigurationList;
			buildConfigurations = (
				02B75DBB2661BC75009084EA /* Debug */,
				02B75DBC2661BC75009084EA /* Release */,
			);
			defaultConfigurationIsVisible = 0;
			defaultConfigurationName = Release;
		};
		02B75DBD2661BC75009084EA /* Build configuration list for PBXNativeTarget "Tip CalculatorTests" */ = {
			isa = XCConfigurationList;
			buildConfigurations = (
				02B75DBE2661BC75009084EA /* Debug */,
				02B75DBF2661BC75009084EA /* Release */,
			);
			defaultConfigurationIsVisible = 0;
			defaultConfigurationName = Release;
		};
		02B75DC02661BC75009084EA /* Build configuration list for PBXNativeTarget "Tip CalculatorUITests" */ = {
			isa = XCConfigurationList;
			buildConfigurations = (
				02B75DC12661BC75009084EA /* Debug */,
				02B75DC22661BC75009084EA /* Release */,
			);
			defaultConfigurationIsVisible = 0;
			defaultConfigurationName = Release;
		};
/* End XCConfigurationList section */
	};
	rootObject = 02B75D8D2661BC74009084EA /* Project object */;
}
